
Microsoft Visual Studio Solution File, Format Version 12.00
# Visual Studio Version 16
VisualStudioVersion = 16.0.32106.194
MinimumVisualStudioVersion = 10.0.40219.1
Project("{9A19103F-16F7-4668-BE54-9A1E7A4F7556}") = "FirstWebAPp", "FirstWebAPp\FirstWebAPp.csproj", "{1C848FF1-DB5F-470A-B44C-B8A439CC48B5}"
EndProject
Project("{2150E333-8FDC-42A3-9474-1A3956D46DE8}") = "Solution Items", "Solution Items", "{18D48F35-55AF-411E-836C-A20FB19887BA}"
	ProjectSection(SolutionItems) = preProject
		ReadMe.md = ReadMe.md
	EndProjectSection
EndProject
Project("{FAE04EC0-301F-11D3-BF4B-00C04F79EFBC}") = "eShopsolution.Data", "eShopsolution.Data\eShopsolution.Data.csproj", "{A0B593B5-7A13-4548-995A-6C1EF5D4F849}"
EndProject
Project("{FAE04EC0-301F-11D3-BF4B-00C04F79EFBC}") = "eShopsolution.Application", "eShopsolution.Application\eShopsolution.Application.csproj", "{0059B57D-3C9B-4D41-A528-4F9817CA5200}"
EndProject
Global
	GlobalSection(SolutionConfigurationPlatforms) = preSolution
		Debug|Any CPU = Debug|Any CPU
		Release|Any CPU = Release|Any CPU
	EndGlobalSection
	GlobalSection(ProjectConfigurationPlatforms) = postSolution
		{1C848FF1-DB5F-470A-B44C-B8A439CC48B5}.Debug|Any CPU.ActiveCfg = Debug|Any CPU
		{1C848FF1-DB5F-470A-B44C-B8A439CC48B5}.Debug|Any CPU.Build.0 = Debug|Any CPU
		{1C848FF1-DB5F-470A-B44C-B8A439CC48B5}.Release|Any CPU.ActiveCfg = Release|Any CPU
		{1C848FF1-DB5F-470A-B44C-B8A439CC48B5}.Release|Any CPU.Build.0 = Release|Any CPU
		{A0B593B5-7A13-4548-995A-6C1EF5D4F849}.Debug|Any CPU.ActiveCfg = Debug|Any CPU
		{A0B593B5-7A13-4548-995A-6C1EF5D4F849}.Debug|Any CPU.Build.0 = Debug|Any CPU
		{A0B593B5-7A13-4548-995A-6C1EF5D4F849}.Release|Any CPU.ActiveCfg = Release|Any CPU
		{A0B593B5-7A13-4548-995A-6C1EF5D4F849}.Release|Any CPU.Build.0 = Release|Any CPU
		{0059B57D-3C9B-4D41-A528-4F9817CA5200}.Debug|Any CPU.ActiveCfg = Debug|Any CPU
		{0059B57D-3C9B-4D41-A528-4F9817CA5200}.Debug|Any CPU.Build.0 = Debug|Any CPU
		{0059B57D-3C9B-4D41-A528-4F9817CA5200}.Release|Any CPU.ActiveCfg = Release|Any CPU
		{0059B57D-3C9B-4D41-A528-4F9817CA5200}.Release|Any CPU.Build.0 = Release|Any CPU
	EndGlobalSection
	GlobalSection(SolutionProperties) = preSolution
		HideSolutionNode = FALSE
	EndGlobalSection
	GlobalSection(ExtensibilityGlobals) = postSolution
		SolutionGuid = {08F26348-D5EC-405A-87F7-ED40E6B67D2B}
	EndGlobalSection
EndGlobal
